
Microsoft Visual Studio Solution File, Format Version 12.00
Project("{FAE04EC0-301F-11D3-BF4B-00C04F79EFBC}") = "EduSystem.Presentation", "src\EduSystem.Presentation\EduSystem.Presentation.csproj", "{B8AE7739-473F-4D96-A419-695CEE434964}"
EndProject
Project("{FAE04EC0-301F-11D3-BF4B-00C04F79EFBC}") = "EduSystem.Data", "src\EduSystem.Data\EduSystem.Data.csproj", "{383BC718-07D3-43EA-A267-2F067E8090BE}"
EndProject
Project("{FAE04EC0-301F-11D3-BF4B-00C04F79EFBC}") = "EduSystem.Services", "src\EduSystem.Services\EduSystem.Services.csproj", "{64B250BA-2442-4453-8BDF-749C37E4BDA5}"
EndProject
Project("{FAE04EC0-301F-11D3-BF4B-00C04F79EFBC}") = "EduSystem.Common", "src\EduSystem.Common\EduSystem.Common.csproj", "{AB400B75-C6AC-44BD-8A3F-676B445E19A5}"
EndProject
Project("{2150E333-8FDC-42A3-9474-1A3956D46DE8}") = "SolutionFiles", "SolutionFiles", "{C392147C-B749-4117-80E3-B6F71A83E908}"
	ProjectSection(SolutionItems) = preProject
		README.md = README.md
		.gitignore = .gitignore
		EduSystem.ruleset = EduSystem.ruleset
		stylecop.json = stylecop.json
	EndProjectSection
EndProject
Global
	GlobalSection(SolutionConfigurationPlatforms) = preSolution
		Debug|Any CPU = Debug|Any CPU
		Release|Any CPU = Release|Any CPU
	EndGlobalSection
	GlobalSection(ProjectConfigurationPlatforms) = postSolution
		{B8AE7739-473F-4D96-A419-695CEE434964}.Debug|Any CPU.ActiveCfg = Debug|Any CPU
		{B8AE7739-473F-4D96-A419-695CEE434964}.Debug|Any CPU.Build.0 = Debug|Any CPU
		{B8AE7739-473F-4D96-A419-695CEE434964}.Release|Any CPU.ActiveCfg = Release|Any CPU
		{B8AE7739-473F-4D96-A419-695CEE434964}.Release|Any CPU.Build.0 = Release|Any CPU
		{383BC718-07D3-43EA-A267-2F067E8090BE}.Debug|Any CPU.ActiveCfg = Debug|Any CPU
		{383BC718-07D3-43EA-A267-2F067E8090BE}.Debug|Any CPU.Build.0 = Debug|Any CPU
		{383BC718-07D3-43EA-A267-2F067E8090BE}.Release|Any CPU.ActiveCfg = Release|Any CPU
		{383BC718-07D3-43EA-A267-2F067E8090BE}.Release|Any CPU.Build.0 = Release|Any CPU
		{64B250BA-2442-4453-8BDF-749C37E4BDA5}.Debug|Any CPU.ActiveCfg = Debug|Any CPU
		{64B250BA-2442-4453-8BDF-749C37E4BDA5}.Debug|Any CPU.Build.0 = Debug|Any CPU
		{64B250BA-2442-4453-8BDF-749C37E4BDA5}.Release|Any CPU.ActiveCfg = Release|Any CPU
		{64B250BA-2442-4453-8BDF-749C37E4BDA5}.Release|Any CPU.Build.0 = Release|Any CPU
		{AB400B75-C6AC-44BD-8A3F-676B445E19A5}.Debug|Any CPU.ActiveCfg = Debug|Any CPU
		{AB400B75-C6AC-44BD-8A3F-676B445E19A5}.Debug|Any CPU.Build.0 = Debug|Any CPU
		{AB400B75-C6AC-44BD-8A3F-676B445E19A5}.Release|Any CPU.ActiveCfg = Release|Any CPU
		{AB400B75-C6AC-44BD-8A3F-676B445E19A5}.Release|Any CPU.Build.0 = Release|Any CPU
	EndGlobalSection
EndGlobal
